
Microsoft Visual Studio Solution File, Format Version 12.00
# Visual Studio 15
VisualStudioVersion = 15.0.26020.0
MinimumVisualStudioVersion = 10.0.40219.1
Project("{FAE04EC0-301F-11D3-BF4B-00C04F79EFBC}") = "RSSAgregator", "RSSAgregator\RSSAgregator.csproj", "{9CF345DD-7984-479A-BD97-44D101398529}"
EndProject
Project("{FAE04EC0-301F-11D3-BF4B-00C04F79EFBC}") = "mySKUNewsCollector", "MySkuNewsCollector\mySKUNewsCollector.csproj", "{0E82B383-799D-4A8D-86AC-E18BF995CB67}"
EndProject
Project("{FAE04EC0-301F-11D3-BF4B-00C04F79EFBC}") = "TCPIPClient", "TCPIPClient\TCPIPClient.csproj", "{5CAF38E2-646E-4DB1-9F6D-C54864B42DE0}"
EndProject
Project("{D954291E-2A0B-460D-934E-DC6B0785DB48}") = "mySKUViewer", "MySkuViewer\mySKUViewer.shproj", "{BF62E7BD-3299-4D69-9483-61BE7D934A36}"
EndProject
Project("{FAE04EC0-301F-11D3-BF4B-00C04F79EFBC}") = "mySKUViewer.Droid", "MySkuViewer.Droid\mySKUViewer.Droid.csproj", "{A1CEA72B-1052-483E-9BBE-CF92BB7632B9}"
EndProject
Project("{FAE04EC0-301F-11D3-BF4B-00C04F79EFBC}") = "MySkuViewer.iOS", "MySkuViewer.iOS\MySkuViewer.iOS.csproj", "{215BD377-B9D1-4DDF-81BF-40B688F24F3D}"
EndProject
Global
	GlobalSection(SharedMSBuildProjectFiles) = preSolution
		MySkuViewer\MySkuViewer.projitems*{215bd377-b9d1-4ddf-81bf-40b688f24f3d}*SharedItemsImports = 4
		MySkuViewer\MySkuViewer.projitems*{a1cea72b-1052-483e-9bbe-cf92bb7632b9}*SharedItemsImports = 4
		MySkuViewer\MySkuViewer.projitems*{bf62e7bd-3299-4d69-9483-61be7d934a36}*SharedItemsImports = 13
	EndGlobalSection
	GlobalSection(SolutionConfigurationPlatforms) = preSolution
		Ad-Hoc|Any CPU = Ad-Hoc|Any CPU
		Ad-Hoc|ARM = Ad-Hoc|ARM
		Ad-Hoc|iPhone = Ad-Hoc|iPhone
		Ad-Hoc|iPhoneSimulator = Ad-Hoc|iPhoneSimulator
		Ad-Hoc|x64 = Ad-Hoc|x64
		Ad-Hoc|x86 = Ad-Hoc|x86
		AppStore|Any CPU = AppStore|Any CPU
		AppStore|ARM = AppStore|ARM
		AppStore|iPhone = AppStore|iPhone
		AppStore|iPhoneSimulator = AppStore|iPhoneSimulator
		AppStore|x64 = AppStore|x64
		AppStore|x86 = AppStore|x86
		Debug|Any CPU = Debug|Any CPU
		Debug|ARM = Debug|ARM
		Debug|iPhone = Debug|iPhone
		Debug|iPhoneSimulator = Debug|iPhoneSimulator
		Debug|x64 = Debug|x64
		Debug|x86 = Debug|x86
		Release|Any CPU = Release|Any CPU
		Release|ARM = Release|ARM
		Release|iPhone = Release|iPhone
		Release|iPhoneSimulator = Release|iPhoneSimulator
		Release|x64 = Release|x64
		Release|x86 = Release|x86
	EndGlobalSection
	GlobalSection(ProjectConfigurationPlatforms) = postSolution
		{9CF345DD-7984-479A-BD97-44D101398529}.Ad-Hoc|Any CPU.ActiveCfg = Release|Any CPU
		{9CF345DD-7984-479A-BD97-44D101398529}.Ad-Hoc|Any CPU.Build.0 = Release|Any CPU
		{9CF345DD-7984-479A-BD97-44D101398529}.Ad-Hoc|ARM.ActiveCfg = Debug|Any CPU
		{9CF345DD-7984-479A-BD97-44D101398529}.Ad-Hoc|ARM.Build.0 = Debug|Any CPU
		{9CF345DD-7984-479A-BD97-44D101398529}.Ad-Hoc|iPhone.ActiveCfg = Release|Any CPU
		{9CF345DD-7984-479A-BD97-44D101398529}.Ad-Hoc|iPhone.Build.0 = Release|Any CPU
		{9CF345DD-7984-479A-BD97-44D101398529}.Ad-Hoc|iPhoneSimulator.ActiveCfg = Release|Any CPU
		{9CF345DD-7984-479A-BD97-44D101398529}.Ad-Hoc|iPhoneSimulator.Build.0 = Release|Any CPU
		{9CF345DD-7984-479A-BD97-44D101398529}.Ad-Hoc|x64.ActiveCfg = Debug|Any CPU
		{9CF345DD-7984-479A-BD97-44D101398529}.Ad-Hoc|x64.Build.0 = Debug|Any CPU
		{9CF345DD-7984-479A-BD97-44D101398529}.Ad-Hoc|x86.ActiveCfg = Debug|Any CPU
		{9CF345DD-7984-479A-BD97-44D101398529}.Ad-Hoc|x86.Build.0 = Debug|Any CPU
		{9CF345DD-7984-479A-BD97-44D101398529}.AppStore|Any CPU.ActiveCfg = Release|Any CPU
		{9CF345DD-7984-479A-BD97-44D101398529}.AppStore|Any CPU.Build.0 = Release|Any CPU
		{9CF345DD-7984-479A-BD97-44D101398529}.AppStore|ARM.ActiveCfg = Debug|Any CPU
		{9CF345DD-7984-479A-BD97-44D101398529}.AppStore|ARM.Build.0 = Debug|Any CPU
		{9CF345DD-7984-479A-BD97-44D101398529}.AppStore|iPhone.ActiveCfg = Release|Any CPU
		{9CF345DD-7984-479A-BD97-44D101398529}.AppStore|iPhone.Build.0 = Release|Any CPU
		{9CF345DD-7984-479A-BD97-44D101398529}.AppStore|iPhoneSimulator.ActiveCfg = Release|Any CPU
		{9CF345DD-7984-479A-BD97-44D101398529}.AppStore|iPhoneSimulator.Build.0 = Release|Any CPU
		{9CF345DD-7984-479A-BD97-44D101398529}.AppStore|x64.ActiveCfg = Debug|Any CPU
		{9CF345DD-7984-479A-BD97-44D101398529}.AppStore|x64.Build.0 = Debug|Any CPU
		{9CF345DD-7984-479A-BD97-44D101398529}.AppStore|x86.ActiveCfg = Debug|Any CPU
		{9CF345DD-7984-479A-BD97-44D101398529}.AppStore|x86.Build.0 = Debug|Any CPU
		{9CF345DD-7984-479A-BD97-44D101398529}.Debug|Any CPU.ActiveCfg = Debug|Any CPU
		{9CF345DD-7984-479A-BD97-44D101398529}.Debug|Any CPU.Build.0 = Debug|Any CPU
		{9CF345DD-7984-479A-BD97-44D101398529}.Debug|ARM.ActiveCfg = Debug|Any CPU
		{9CF345DD-7984-479A-BD97-44D101398529}.Debug|ARM.Build.0 = Debug|Any CPU
		{9CF345DD-7984-479A-BD97-44D101398529}.Debug|iPhone.ActiveCfg = Debug|Any CPU
		{9CF345DD-7984-479A-BD97-44D101398529}.Debug|iPhone.Build.0 = Debug|Any CPU
		{9CF345DD-7984-479A-BD97-44D101398529}.Debug|iPhoneSimulator.ActiveCfg = Debug|Any CPU
		{9CF345DD-7984-479A-BD97-44D101398529}.Debug|iPhoneSimulator.Build.0 = Debug|Any CPU
		{9CF345DD-7984-479A-BD97-44D101398529}.Debug|x64.ActiveCfg = Debug|Any CPU
		{9CF345DD-7984-479A-BD97-44D101398529}.Debug|x64.Build.0 = Debug|Any CPU
		{9CF345DD-7984-479A-BD97-44D101398529}.Debug|x86.ActiveCfg = Debug|Any CPU
		{9CF345DD-7984-479A-BD97-44D101398529}.Debug|x86.Build.0 = Debug|Any CPU
		{9CF345DD-7984-479A-BD97-44D101398529}.Release|Any CPU.ActiveCfg = Release|Any CPU
		{9CF345DD-7984-479A-BD97-44D101398529}.Release|Any CPU.Build.0 = Release|Any CPU
		{9CF345DD-7984-479A-BD97-44D101398529}.Release|ARM.ActiveCfg = Release|Any CPU
		{9CF345DD-7984-479A-BD97-44D101398529}.Release|ARM.Build.0 = Release|Any CPU
		{9CF345DD-7984-479A-BD97-44D101398529}.Release|iPhone.ActiveCfg = Release|Any CPU
		{9CF345DD-7984-479A-BD97-44D101398529}.Release|iPhone.Build.0 = Release|Any CPU
		{9CF345DD-7984-479A-BD97-44D101398529}.Release|iPhoneSimulator.ActiveCfg = Release|Any CPU
		{9CF345DD-7984-479A-BD97-44D101398529}.Release|iPhoneSimulator.Build.0 = Release|Any CPU
		{9CF345DD-7984-479A-BD97-44D101398529}.Release|x64.ActiveCfg = Release|Any CPU
		{9CF345DD-7984-479A-BD97-44D101398529}.Release|x64.Build.0 = Release|Any CPU
		{9CF345DD-7984-479A-BD97-44D101398529}.Release|x86.ActiveCfg = Release|Any CPU
		{9CF345DD-7984-479A-BD97-44D101398529}.Release|x86.Build.0 = Release|Any CPU
		{0E82B383-799D-4A8D-86AC-E18BF995CB67}.Ad-Hoc|Any CPU.ActiveCfg = Release|Any CPU
		{0E82B383-799D-4A8D-86AC-E18BF995CB67}.Ad-Hoc|Any CPU.Build.0 = Release|Any CPU
		{0E82B383-799D-4A8D-86AC-E18BF995CB67}.Ad-Hoc|ARM.ActiveCfg = Debug|Any CPU
		{0E82B383-799D-4A8D-86AC-E18BF995CB67}.Ad-Hoc|ARM.Build.0 = Debug|Any CPU
		{0E82B383-799D-4A8D-86AC-E18BF995CB67}.Ad-Hoc|iPhone.ActiveCfg = Release|Any CPU
		{0E82B383-799D-4A8D-86AC-E18BF995CB67}.Ad-Hoc|iPhone.Build.0 = Release|Any CPU
		{0E82B383-799D-4A8D-86AC-E18BF995CB67}.Ad-Hoc|iPhoneSimulator.ActiveCfg = Release|Any CPU
		{0E82B383-799D-4A8D-86AC-E18BF995CB67}.Ad-Hoc|iPhoneSimulator.Build.0 = Release|Any CPU
		{0E82B383-799D-4A8D-86AC-E18BF995CB67}.Ad-Hoc|x64.ActiveCfg = Debug|Any CPU
		{0E82B383-799D-4A8D-86AC-E18BF995CB67}.Ad-Hoc|x64.Build.0 = Debug|Any CPU
		{0E82B383-799D-4A8D-86AC-E18BF995CB67}.Ad-Hoc|x86.ActiveCfg = Debug|Any CPU
		{0E82B383-799D-4A8D-86AC-E18BF995CB67}.Ad-Hoc|x86.Build.0 = Debug|Any CPU
		{0E82B383-799D-4A8D-86AC-E18BF995CB67}.AppStore|Any CPU.ActiveCfg = Release|Any CPU
		{0E82B383-799D-4A8D-86AC-E18BF995CB67}.AppStore|Any CPU.Build.0 = Release|Any CPU
		{0E82B383-799D-4A8D-86AC-E18BF995CB67}.AppStore|ARM.ActiveCfg = Debug|Any CPU
		{0E82B383-799D-4A8D-86AC-E18BF995CB67}.AppStore|ARM.Build.0 = Debug|Any CPU
		{0E82B383-799D-4A8D-86AC-E18BF995CB67}.AppStore|iPhone.ActiveCfg = Release|Any CPU
		{0E82B383-799D-4A8D-86AC-E18BF995CB67}.AppStore|iPhone.Build.0 = Release|Any CPU
		{0E82B383-799D-4A8D-86AC-E18BF995CB67}.AppStore|iPhoneSimulator.ActiveCfg = Release|Any CPU
		{0E82B383-799D-4A8D-86AC-E18BF995CB67}.AppStore|iPhoneSimulator.Build.0 = Release|Any CPU
		{0E82B383-799D-4A8D-86AC-E18BF995CB67}.AppStore|x64.ActiveCfg = Debug|Any CPU
		{0E82B383-799D-4A8D-86AC-E18BF995CB67}.AppStore|x64.Build.0 = Debug|Any CPU
		{0E82B383-799D-4A8D-86AC-E18BF995CB67}.AppStore|x86.ActiveCfg = Debug|Any CPU
		{0E82B383-799D-4A8D-86AC-E18BF995CB67}.AppStore|x86.Build.0 = Debug|Any CPU
		{0E82B383-799D-4A8D-86AC-E18BF995CB67}.Debug|Any CPU.ActiveCfg = Debug|Any CPU
		{0E82B383-799D-4A8D-86AC-E18BF995CB67}.Debug|Any CPU.Build.0 = Debug|Any CPU
		{0E82B383-799D-4A8D-86AC-E18BF995CB67}.Debug|ARM.ActiveCfg = Debug|Any CPU
		{0E82B383-799D-4A8D-86AC-E18BF995CB67}.Debug|ARM.Build.0 = Debug|Any CPU
		{0E82B383-799D-4A8D-86AC-E18BF995CB67}.Debug|iPhone.ActiveCfg = Debug|Any CPU
		{0E82B383-799D-4A8D-86AC-E18BF995CB67}.Debug|iPhone.Build.0 = Debug|Any CPU
		{0E82B383-799D-4A8D-86AC-E18BF995CB67}.Debug|iPhoneSimulator.ActiveCfg = Debug|Any CPU
		{0E82B383-799D-4A8D-86AC-E18BF995CB67}.Debug|iPhoneSimulator.Build.0 = Debug|Any CPU
		{0E82B383-799D-4A8D-86AC-E18BF995CB67}.Debug|x64.ActiveCfg = Debug|Any CPU
		{0E82B383-799D-4A8D-86AC-E18BF995CB67}.Debug|x64.Build.0 = Debug|Any CPU
		{0E82B383-799D-4A8D-86AC-E18BF995CB67}.Debug|x86.ActiveCfg = Debug|Any CPU
		{0E82B383-799D-4A8D-86AC-E18BF995CB67}.Debug|x86.Build.0 = Debug|Any CPU
		{0E82B383-799D-4A8D-86AC-E18BF995CB67}.Release|Any CPU.ActiveCfg = Release|Any CPU
		{0E82B383-799D-4A8D-86AC-E18BF995CB67}.Release|Any CPU.Build.0 = Release|Any CPU
		{0E82B383-799D-4A8D-86AC-E18BF995CB67}.Release|ARM.ActiveCfg = Release|Any CPU
		{0E82B383-799D-4A8D-86AC-E18BF995CB67}.Release|ARM.Build.0 = Release|Any CPU
		{0E82B383-799D-4A8D-86AC-E18BF995CB67}.Release|iPhone.ActiveCfg = Release|Any CPU
		{0E82B383-799D-4A8D-86AC-E18BF995CB67}.Release|iPhone.Build.0 = Release|Any CPU
		{0E82B383-799D-4A8D-86AC-E18BF995CB67}.Release|iPhoneSimulator.ActiveCfg = Release|Any CPU
		{0E82B383-799D-4A8D-86AC-E18BF995CB67}.Release|iPhoneSimulator.Build.0 = Release|Any CPU
		{0E82B383-799D-4A8D-86AC-E18BF995CB67}.Release|x64.ActiveCfg = Release|Any CPU
		{0E82B383-799D-4A8D-86AC-E18BF995CB67}.Release|x64.Build.0 = Release|Any CPU
		{0E82B383-799D-4A8D-86AC-E18BF995CB67}.Release|x86.ActiveCfg = Release|Any CPU
		{0E82B383-799D-4A8D-86AC-E18BF995CB67}.Release|x86.Build.0 = Release|Any CPU
		{5CAF38E2-646E-4DB1-9F6D-C54864B42DE0}.Ad-Hoc|Any CPU.ActiveCfg = Release|Any CPU
		{5CAF38E2-646E-4DB1-9F6D-C54864B42DE0}.Ad-Hoc|Any CPU.Build.0 = Release|Any CPU
		{5CAF38E2-646E-4DB1-9F6D-C54864B42DE0}.Ad-Hoc|ARM.ActiveCfg = Debug|Any CPU
		{5CAF38E2-646E-4DB1-9F6D-C54864B42DE0}.Ad-Hoc|ARM.Build.0 = Debug|Any CPU
		{5CAF38E2-646E-4DB1-9F6D-C54864B42DE0}.Ad-Hoc|iPhone.ActiveCfg = Release|Any CPU
		{5CAF38E2-646E-4DB1-9F6D-C54864B42DE0}.Ad-Hoc|iPhone.Build.0 = Release|Any CPU
		{5CAF38E2-646E-4DB1-9F6D-C54864B42DE0}.Ad-Hoc|iPhoneSimulator.ActiveCfg = Release|Any CPU
		{5CAF38E2-646E-4DB1-9F6D-C54864B42DE0}.Ad-Hoc|iPhoneSimulator.Build.0 = Release|Any CPU
		{5CAF38E2-646E-4DB1-9F6D-C54864B42DE0}.Ad-Hoc|x64.ActiveCfg = Debug|Any CPU
		{5CAF38E2-646E-4DB1-9F6D-C54864B42DE0}.Ad-Hoc|x64.Build.0 = Debug|Any CPU
		{5CAF38E2-646E-4DB1-9F6D-C54864B42DE0}.Ad-Hoc|x86.ActiveCfg = Debug|Any CPU
		{5CAF38E2-646E-4DB1-9F6D-C54864B42DE0}.Ad-Hoc|x86.Build.0 = Debug|Any CPU
		{5CAF38E2-646E-4DB1-9F6D-C54864B42DE0}.AppStore|Any CPU.ActiveCfg = Release|Any CPU
		{5CAF38E2-646E-4DB1-9F6D-C54864B42DE0}.AppStore|Any CPU.Build.0 = Release|Any CPU
		{5CAF38E2-646E-4DB1-9F6D-C54864B42DE0}.AppStore|ARM.ActiveCfg = Debug|Any CPU
		{5CAF38E2-646E-4DB1-9F6D-C54864B42DE0}.AppStore|ARM.Build.0 = Debug|Any CPU
		{5CAF38E2-646E-4DB1-9F6D-C54864B42DE0}.AppStore|iPhone.ActiveCfg = Release|Any CPU
		{5CAF38E2-646E-4DB1-9F6D-C54864B42DE0}.AppStore|iPhone.Build.0 = Release|Any CPU
		{5CAF38E2-646E-4DB1-9F6D-C54864B42DE0}.AppStore|iPhoneSimulator.ActiveCfg = Release|Any CPU
		{5CAF38E2-646E-4DB1-9F6D-C54864B42DE0}.AppStore|iPhoneSimulator.Build.0 = Release|Any CPU
		{5CAF38E2-646E-4DB1-9F6D-C54864B42DE0}.AppStore|x64.ActiveCfg = Debug|Any CPU
		{5CAF38E2-646E-4DB1-9F6D-C54864B42DE0}.AppStore|x64.Build.0 = Debug|Any CPU
		{5CAF38E2-646E-4DB1-9F6D-C54864B42DE0}.AppStore|x86.ActiveCfg = Debug|Any CPU
		{5CAF38E2-646E-4DB1-9F6D-C54864B42DE0}.AppStore|x86.Build.0 = Debug|Any CPU
		{5CAF38E2-646E-4DB1-9F6D-C54864B42DE0}.Debug|Any CPU.ActiveCfg = Debug|Any CPU
		{5CAF38E2-646E-4DB1-9F6D-C54864B42DE0}.Debug|Any CPU.Build.0 = Debug|Any CPU
		{5CAF38E2-646E-4DB1-9F6D-C54864B42DE0}.Debug|ARM.ActiveCfg = Debug|Any CPU
		{5CAF38E2-646E-4DB1-9F6D-C54864B42DE0}.Debug|ARM.Build.0 = Debug|Any CPU
		{5CAF38E2-646E-4DB1-9F6D-C54864B42DE0}.Debug|iPhone.ActiveCfg = Debug|Any CPU
		{5CAF38E2-646E-4DB1-9F6D-C54864B42DE0}.Debug|iPhone.Build.0 = Debug|Any CPU
		{5CAF38E2-646E-4DB1-9F6D-C54864B42DE0}.Debug|iPhoneSimulator.ActiveCfg = Debug|Any CPU
		{5CAF38E2-646E-4DB1-9F6D-C54864B42DE0}.Debug|iPhoneSimulator.Build.0 = Debug|Any CPU
		{5CAF38E2-646E-4DB1-9F6D-C54864B42DE0}.Debug|x64.ActiveCfg = Debug|Any CPU
		{5CAF38E2-646E-4DB1-9F6D-C54864B42DE0}.Debug|x64.Build.0 = Debug|Any CPU
		{5CAF38E2-646E-4DB1-9F6D-C54864B42DE0}.Debug|x86.ActiveCfg = Debug|Any CPU
		{5CAF38E2-646E-4DB1-9F6D-C54864B42DE0}.Debug|x86.Build.0 = Debug|Any CPU
		{5CAF38E2-646E-4DB1-9F6D-C54864B42DE0}.Release|Any CPU.ActiveCfg = Release|Any CPU
		{5CAF38E2-646E-4DB1-9F6D-C54864B42DE0}.Release|Any CPU.Build.0 = Release|Any CPU
		{5CAF38E2-646E-4DB1-9F6D-C54864B42DE0}.Release|ARM.ActiveCfg = Release|Any CPU
		{5CAF38E2-646E-4DB1-9F6D-C54864B42DE0}.Release|ARM.Build.0 = Release|Any CPU
		{5CAF38E2-646E-4DB1-9F6D-C54864B42DE0}.Release|iPhone.ActiveCfg = Release|Any CPU
		{5CAF38E2-646E-4DB1-9F6D-C54864B42DE0}.Release|iPhone.Build.0 = Release|Any CPU
		{5CAF38E2-646E-4DB1-9F6D-C54864B42DE0}.Release|iPhoneSimulator.ActiveCfg = Release|Any CPU
		{5CAF38E2-646E-4DB1-9F6D-C54864B42DE0}.Release|iPhoneSimulator.Build.0 = Release|Any CPU
		{5CAF38E2-646E-4DB1-9F6D-C54864B42DE0}.Release|x64.ActiveCfg = Release|Any CPU
		{5CAF38E2-646E-4DB1-9F6D-C54864B42DE0}.Release|x64.Build.0 = Release|Any CPU
		{5CAF38E2-646E-4DB1-9F6D-C54864B42DE0}.Release|x86.ActiveCfg = Release|Any CPU
		{5CAF38E2-646E-4DB1-9F6D-C54864B42DE0}.Release|x86.Build.0 = Release|Any CPU
		{A1CEA72B-1052-483E-9BBE-CF92BB7632B9}.Ad-Hoc|Any CPU.ActiveCfg = Release|Any CPU
		{A1CEA72B-1052-483E-9BBE-CF92BB7632B9}.Ad-Hoc|Any CPU.Build.0 = Release|Any CPU
		{A1CEA72B-1052-483E-9BBE-CF92BB7632B9}.Ad-Hoc|Any CPU.Deploy.0 = Release|Any CPU
		{A1CEA72B-1052-483E-9BBE-CF92BB7632B9}.Ad-Hoc|ARM.ActiveCfg = Release|Any CPU
		{A1CEA72B-1052-483E-9BBE-CF92BB7632B9}.Ad-Hoc|ARM.Build.0 = Release|Any CPU
		{A1CEA72B-1052-483E-9BBE-CF92BB7632B9}.Ad-Hoc|ARM.Deploy.0 = Release|Any CPU
		{A1CEA72B-1052-483E-9BBE-CF92BB7632B9}.Ad-Hoc|iPhone.ActiveCfg = Release|Any CPU
		{A1CEA72B-1052-483E-9BBE-CF92BB7632B9}.Ad-Hoc|iPhone.Build.0 = Release|Any CPU
		{A1CEA72B-1052-483E-9BBE-CF92BB7632B9}.Ad-Hoc|iPhone.Deploy.0 = Release|Any CPU
		{A1CEA72B-1052-483E-9BBE-CF92BB7632B9}.Ad-Hoc|iPhoneSimulator.ActiveCfg = Release|Any CPU
		{A1CEA72B-1052-483E-9BBE-CF92BB7632B9}.Ad-Hoc|iPhoneSimulator.Build.0 = Release|Any CPU
		{A1CEA72B-1052-483E-9BBE-CF92BB7632B9}.Ad-Hoc|iPhoneSimulator.Deploy.0 = Release|Any CPU
		{A1CEA72B-1052-483E-9BBE-CF92BB7632B9}.Ad-Hoc|x64.ActiveCfg = Release|Any CPU
		{A1CEA72B-1052-483E-9BBE-CF92BB7632B9}.Ad-Hoc|x64.Build.0 = Release|Any CPU
		{A1CEA72B-1052-483E-9BBE-CF92BB7632B9}.Ad-Hoc|x64.Deploy.0 = Release|Any CPU
		{A1CEA72B-1052-483E-9BBE-CF92BB7632B9}.Ad-Hoc|x86.ActiveCfg = Release|Any CPU
		{A1CEA72B-1052-483E-9BBE-CF92BB7632B9}.Ad-Hoc|x86.Build.0 = Release|Any CPU
		{A1CEA72B-1052-483E-9BBE-CF92BB7632B9}.Ad-Hoc|x86.Deploy.0 = Release|Any CPU
		{A1CEA72B-1052-483E-9BBE-CF92BB7632B9}.AppStore|Any CPU.ActiveCfg = Release|Any CPU
		{A1CEA72B-1052-483E-9BBE-CF92BB7632B9}.AppStore|Any CPU.Build.0 = Release|Any CPU
		{A1CEA72B-1052-483E-9BBE-CF92BB7632B9}.AppStore|Any CPU.Deploy.0 = Release|Any CPU
		{A1CEA72B-1052-483E-9BBE-CF92BB7632B9}.AppStore|ARM.ActiveCfg = Release|Any CPU
		{A1CEA72B-1052-483E-9BBE-CF92BB7632B9}.AppStore|ARM.Build.0 = Release|Any CPU
		{A1CEA72B-1052-483E-9BBE-CF92BB7632B9}.AppStore|ARM.Deploy.0 = Release|Any CPU
		{A1CEA72B-1052-483E-9BBE-CF92BB7632B9}.AppStore|iPhone.ActiveCfg = Release|Any CPU
		{A1CEA72B-1052-483E-9BBE-CF92BB7632B9}.AppStore|iPhone.Build.0 = Release|Any CPU
		{A1CEA72B-1052-483E-9BBE-CF92BB7632B9}.AppStore|iPhone.Deploy.0 = Release|Any CPU
		{A1CEA72B-1052-483E-9BBE-CF92BB7632B9}.AppStore|iPhoneSimulator.ActiveCfg = Release|Any CPU
		{A1CEA72B-1052-483E-9BBE-CF92BB7632B9}.AppStore|iPhoneSimulator.Build.0 = Release|Any CPU
		{A1CEA72B-1052-483E-9BBE-CF92BB7632B9}.AppStore|iPhoneSimulator.Deploy.0 = Release|Any CPU
		{A1CEA72B-1052-483E-9BBE-CF92BB7632B9}.AppStore|x64.ActiveCfg = Release|Any CPU
		{A1CEA72B-1052-483E-9BBE-CF92BB7632B9}.AppStore|x64.Build.0 = Release|Any CPU
		{A1CEA72B-1052-483E-9BBE-CF92BB7632B9}.AppStore|x64.Deploy.0 = Release|Any CPU
		{A1CEA72B-1052-483E-9BBE-CF92BB7632B9}.AppStore|x86.ActiveCfg = Release|Any CPU
		{A1CEA72B-1052-483E-9BBE-CF92BB7632B9}.AppStore|x86.Build.0 = Release|Any CPU
		{A1CEA72B-1052-483E-9BBE-CF92BB7632B9}.AppStore|x86.Deploy.0 = Release|Any CPU
		{A1CEA72B-1052-483E-9BBE-CF92BB7632B9}.Debug|Any CPU.ActiveCfg = Debug|Any CPU
		{A1CEA72B-1052-483E-9BBE-CF92BB7632B9}.Debug|Any CPU.Build.0 = Debug|Any CPU
		{A1CEA72B-1052-483E-9BBE-CF92BB7632B9}.Debug|Any CPU.Deploy.0 = Debug|Any CPU
		{A1CEA72B-1052-483E-9BBE-CF92BB7632B9}.Debug|ARM.ActiveCfg = Debug|Any CPU
		{A1CEA72B-1052-483E-9BBE-CF92BB7632B9}.Debug|ARM.Build.0 = Debug|Any CPU
		{A1CEA72B-1052-483E-9BBE-CF92BB7632B9}.Debug|ARM.Deploy.0 = Debug|Any CPU
		{A1CEA72B-1052-483E-9BBE-CF92BB7632B9}.Debug|iPhone.ActiveCfg = Debug|Any CPU
		{A1CEA72B-1052-483E-9BBE-CF92BB7632B9}.Debug|iPhone.Build.0 = Debug|Any CPU
		{A1CEA72B-1052-483E-9BBE-CF92BB7632B9}.Debug|iPhone.Deploy.0 = Debug|Any CPU
		{A1CEA72B-1052-483E-9BBE-CF92BB7632B9}.Debug|iPhoneSimulator.ActiveCfg = Debug|Any CPU
		{A1CEA72B-1052-483E-9BBE-CF92BB7632B9}.Debug|iPhoneSimulator.Build.0 = Debug|Any CPU
		{A1CEA72B-1052-483E-9BBE-CF92BB7632B9}.Debug|iPhoneSimulator.Deploy.0 = Debug|Any CPU
		{A1CEA72B-1052-483E-9BBE-CF92BB7632B9}.Debug|x64.ActiveCfg = Debug|Any CPU
		{A1CEA72B-1052-483E-9BBE-CF92BB7632B9}.Debug|x64.Build.0 = Debug|Any CPU
		{A1CEA72B-1052-483E-9BBE-CF92BB7632B9}.Debug|x64.Deploy.0 = Debug|Any CPU
		{A1CEA72B-1052-483E-9BBE-CF92BB7632B9}.Debug|x86.ActiveCfg = Debug|Any CPU
		{A1CEA72B-1052-483E-9BBE-CF92BB7632B9}.Debug|x86.Build.0 = Debug|Any CPU
		{A1CEA72B-1052-483E-9BBE-CF92BB7632B9}.Debug|x86.Deploy.0 = Debug|Any CPU
		{A1CEA72B-1052-483E-9BBE-CF92BB7632B9}.Release|Any CPU.ActiveCfg = Release|Any CPU
		{A1CEA72B-1052-483E-9BBE-CF92BB7632B9}.Release|Any CPU.Build.0 = Release|Any CPU
		{A1CEA72B-1052-483E-9BBE-CF92BB7632B9}.Release|Any CPU.Deploy.0 = Release|Any CPU
		{A1CEA72B-1052-483E-9BBE-CF92BB7632B9}.Release|ARM.ActiveCfg = Release|Any CPU
		{A1CEA72B-1052-483E-9BBE-CF92BB7632B9}.Release|ARM.Build.0 = Release|Any CPU
		{A1CEA72B-1052-483E-9BBE-CF92BB7632B9}.Release|ARM.Deploy.0 = Release|Any CPU
		{A1CEA72B-1052-483E-9BBE-CF92BB7632B9}.Release|iPhone.ActiveCfg = Release|Any CPU
		{A1CEA72B-1052-483E-9BBE-CF92BB7632B9}.Release|iPhone.Build.0 = Release|Any CPU
		{A1CEA72B-1052-483E-9BBE-CF92BB7632B9}.Release|iPhone.Deploy.0 = Release|Any CPU
		{A1CEA72B-1052-483E-9BBE-CF92BB7632B9}.Release|iPhoneSimulator.ActiveCfg = Release|Any CPU
		{A1CEA72B-1052-483E-9BBE-CF92BB7632B9}.Release|iPhoneSimulator.Build.0 = Release|Any CPU
		{A1CEA72B-1052-483E-9BBE-CF92BB7632B9}.Release|iPhoneSimulator.Deploy.0 = Release|Any CPU
		{A1CEA72B-1052-483E-9BBE-CF92BB7632B9}.Release|x64.ActiveCfg = Release|Any CPU
		{A1CEA72B-1052-483E-9BBE-CF92BB7632B9}.Release|x64.Build.0 = Release|Any CPU
		{A1CEA72B-1052-483E-9BBE-CF92BB7632B9}.Release|x64.Deploy.0 = Release|Any CPU
		{A1CEA72B-1052-483E-9BBE-CF92BB7632B9}.Release|x86.ActiveCfg = Release|Any CPU
		{A1CEA72B-1052-483E-9BBE-CF92BB7632B9}.Release|x86.Build.0 = Release|Any CPU
		{A1CEA72B-1052-483E-9BBE-CF92BB7632B9}.Release|x86.Deploy.0 = Release|Any CPU
		{215BD377-B9D1-4DDF-81BF-40B688F24F3D}.Ad-Hoc|Any CPU.ActiveCfg = Ad-Hoc|iPhone
		{215BD377-B9D1-4DDF-81BF-40B688F24F3D}.Ad-Hoc|ARM.ActiveCfg = Ad-Hoc|iPhone
		{215BD377-B9D1-4DDF-81BF-40B688F24F3D}.Ad-Hoc|iPhone.ActiveCfg = Ad-Hoc|iPhone
		{215BD377-B9D1-4DDF-81BF-40B688F24F3D}.Ad-Hoc|iPhone.Build.0 = Ad-Hoc|iPhone
		{215BD377-B9D1-4DDF-81BF-40B688F24F3D}.Ad-Hoc|iPhoneSimulator.ActiveCfg = Ad-Hoc|iPhoneSimulator
		{215BD377-B9D1-4DDF-81BF-40B688F24F3D}.Ad-Hoc|iPhoneSimulator.Build.0 = Ad-Hoc|iPhoneSimulator
		{215BD377-B9D1-4DDF-81BF-40B688F24F3D}.Ad-Hoc|x64.ActiveCfg = Ad-Hoc|iPhone
		{215BD377-B9D1-4DDF-81BF-40B688F24F3D}.Ad-Hoc|x86.ActiveCfg = Ad-Hoc|iPhone
		{215BD377-B9D1-4DDF-81BF-40B688F24F3D}.AppStore|Any CPU.ActiveCfg = AppStore|iPhone
		{215BD377-B9D1-4DDF-81BF-40B688F24F3D}.AppStore|ARM.ActiveCfg = AppStore|iPhone
		{215BD377-B9D1-4DDF-81BF-40B688F24F3D}.AppStore|iPhone.ActiveCfg = AppStore|iPhone
		{215BD377-B9D1-4DDF-81BF-40B688F24F3D}.AppStore|iPhone.Build.0 = AppStore|iPhone
		{215BD377-B9D1-4DDF-81BF-40B688F24F3D}.AppStore|iPhoneSimulator.ActiveCfg = AppStore|iPhoneSimulator
		{215BD377-B9D1-4DDF-81BF-40B688F24F3D}.AppStore|iPhoneSimulator.Build.0 = AppStore|iPhoneSimulator
		{215BD377-B9D1-4DDF-81BF-40B688F24F3D}.AppStore|x64.ActiveCfg = AppStore|iPhone
		{215BD377-B9D1-4DDF-81BF-40B688F24F3D}.AppStore|x86.ActiveCfg = AppStore|iPhone
		{215BD377-B9D1-4DDF-81BF-40B688F24F3D}.Debug|Any CPU.ActiveCfg = Debug|iPhone
		{215BD377-B9D1-4DDF-81BF-40B688F24F3D}.Debug|ARM.ActiveCfg = Debug|iPhone
		{215BD377-B9D1-4DDF-81BF-40B688F24F3D}.Debug|iPhone.ActiveCfg = Debug|iPhone
		{215BD377-B9D1-4DDF-81BF-40B688F24F3D}.Debug|iPhone.Build.0 = Debug|iPhone
		{215BD377-B9D1-4DDF-81BF-40B688F24F3D}.Debug|iPhoneSimulator.ActiveCfg = Debug|iPhoneSimulator
		{215BD377-B9D1-4DDF-81BF-40B688F24F3D}.Debug|iPhoneSimulator.Build.0 = Debug|iPhoneSimulator
		{215BD377-B9D1-4DDF-81BF-40B688F24F3D}.Debug|x64.ActiveCfg = Debug|iPhone
		{215BD377-B9D1-4DDF-81BF-40B688F24F3D}.Debug|x86.ActiveCfg = Debug|iPhone
		{215BD377-B9D1-4DDF-81BF-40B688F24F3D}.Release|Any CPU.ActiveCfg = Release|iPhone
		{215BD377-B9D1-4DDF-81BF-40B688F24F3D}.Release|ARM.ActiveCfg = Release|iPhone
		{215BD377-B9D1-4DDF-81BF-40B688F24F3D}.Release|iPhone.ActiveCfg = Release|iPhone
		{215BD377-B9D1-4DDF-81BF-40B688F24F3D}.Release|iPhone.Build.0 = Release|iPhone
		{215BD377-B9D1-4DDF-81BF-40B688F24F3D}.Release|iPhoneSimulator.ActiveCfg = Release|iPhoneSimulator
		{215BD377-B9D1-4DDF-81BF-40B688F24F3D}.Release|iPhoneSimulator.Build.0 = Release|iPhoneSimulator
		{215BD377-B9D1-4DDF-81BF-40B688F24F3D}.Release|x64.ActiveCfg = Release|iPhone
		{215BD377-B9D1-4DDF-81BF-40B688F24F3D}.Release|x86.ActiveCfg = Release|iPhone
	EndGlobalSection
	GlobalSection(SolutionProperties) = preSolution
		HideSolutionNode = FALSE
	EndGlobalSection
EndGlobal
